// !$*UTF8*$!
{
	archiveVersion = 1;
	classes = {
	};
	objectVersion = 46;
	objects = {

/* Begin PBXBuildFile section */
		070CD3941525676800DCFAEA /* main.cpp in Sources */ = {isa = PBXBuildFile; fileRef = 070CD3931525676800DCFAEA /* main.cpp */; };
		070CD3961525676800DCFAEA /* MinCut.1 in CopyFiles */ = {isa = PBXBuildFile; fileRef = 070CD3951525676800DCFAEA /* MinCut.1 */; };
/* End PBXBuildFile section */

/* Begin PBXCopyFilesBuildPhase section */
		070CD38D1525676800DCFAEA /* CopyFiles */ = {
			isa = PBXCopyFilesBuildPhase;
			buildActionMask = 2147483647;
			dstPath = /usr/share/man/man1/;
			dstSubfolderSpec = 0;
			files = (
				070CD3961525676800DCFAEA /* MinCut.1 in CopyFiles */,
			);
			runOnlyForDeploymentPostprocessing = 1;
		};
/* End PBXCopyFilesBuildPhase section */

/* Begin PBXFileReference section */
		070CD38F1525676800DCFAEA /* MinCut */ = {isa = PBXFileReference; explicitFileType = "compiled.mach-o.executable"; includeInIndex = 0; path = MinCut; sourceTree = BUILT_PRODUCTS_DIR; };
		070CD3931525676800DCFAEA /* main.cpp */ = {isa = PBXFileReference; lastKnownFileType = sourcecode.cpp.cpp; path = main.cpp; sourceTree = "<group>"; };
		070CD3951525676800DCFAEA /* MinCut.1 */ = {isa = PBXFileReference; lastKnownFileType = text.man; path = MinCut.1; sourceTree = "<group>"; };
/* End PBXFileReference section */

/* Begin PBXFrameworksBuildPhase section */
		070CD38C1525676800DCFAEA /* Frameworks */ = {
			isa = PBXFrameworksBuildPhase;
			buildActionMask = 2147483647;
			files = (
			);
			runOnlyForDeploymentPostprocessing = 0;
		};
/* End PBXFrameworksBuildPhase section */

/* Begin PBXGroup section */
		070CD3841525676800DCFAEA = {
			isa = PBXGroup;
			children = (
				070CD3921525676800DCFAEA /* MinCut */,
				070CD3901525676800DCFAEA /* Products */,
			);
			sourceTree = "<group>";
		};
		070CD3901525676800DCFAEA /* Products */ = {
			isa = PBXGroup;
			children = (
				070CD38F1525676800DCFAEA /* MinCut */,
			);
			name = Products;
			sourceTree = "<group>";
		};
		070CD3921525676800DCFAEA /* MinCut */ = {
			isa = PBXGroup;
			children = (
				070CD3931525676800DCFAEA /* main.cpp */,
				070CD3951525676800DCFAEA /* MinCut.1 */,
			);
			path = MinCut;
			sourceTree = "<group>";
		};
/* End PBXGroup section */

/* Begin PBXNativeTarget section */
		070CD38E1525676800DCFAEA /* MinCut */ = {
			isa = PBXNativeTarget;
			buildConfigurationList = 070CD3991525676800DCFAEA /* Build configuration list for PBXNativeTarget "MinCut" */;
			buildPhases = (
				070CD38B1525676800DCFAEA /* Sources */,
				070CD38C1525676800DCFAEA /* Frameworks */,
				070CD38D1525676800DCFAEA /* CopyFiles */,
			);
			buildRules = (
			);
			dependencies = (
			);
			name = MinCut;
			productName = MinCut;
			productReference = 070CD38F1525676800DCFAEA /* MinCut */;
			productType = "com.apple.product-type.tool";
		};
/* End PBXNativeTarget section */

/* Begin PBXProject section */
		070CD3861525676800DCFAEA /* Project object */ = {
			isa = PBXProject;
			attributes = {
				LastUpgradeCheck = 0420;
			};
			buildConfigurationList = 070CD3891525676800DCFAEA /* Build configuration list for PBXProject "MinCut" */;
			compatibilityVersion = "Xcode 3.2";
			developmentRegion = English;
			hasScannedForEncodings = 0;
			knownRegions = (
				en,
			);
			mainGroup = 070CD3841525676800DCFAEA;
			productRefGroup = 070CD3901525676800DCFAEA /* Products */;
			projectDirPath = "";
			projectRoot = "";
			targets = (
				070CD38E1525676800DCFAEA /* MinCut */,
			);
		};
/* End PBXProject section */

/* Begin PBXSourcesBuildPhase section */
		070CD38B1525676800DCFAEA /* Sources */ = {
			isa = PBXSourcesBuildPhase;
			buildActionMask = 2147483647;
			files = (
				070CD3941525676800DCFAEA /* main.cpp in Sources */,
			);
			runOnlyForDeploymentPostprocessing = 0;
		};
/* End PBXSourcesBuildPhase section */

/* Begin XCBuildConfiguration section */
		070CD3971525676800DCFAEA /* Debug */ = {
			isa = XCBuildConfiguration;
			buildSettings = {
				ALWAYS_SEARCH_USER_PATHS = NO;
				ARCHS = "$(ARCHS_STANDARD_64_BIT)";
				CLANG_ENABLE_OBJC_ARC = YES;
				COPY_PHASE_STRIP = NO;
				GCC_C_LANGUAGE_STANDARD = gnu99;
				GCC_DYNAMIC_NO_PIC = NO;
				GCC_ENABLE_OBJC_EXCEPTIONS = YES;
				GCC_OPTIMIZATION_LEVEL = 0;
				GCC_PREPROCESSOR_DEFINITIONS = (
					"DEBUG=1",
					"$(inherited)",
				);
				GCC_SYMBOLS_PRIVATE_EXTERN = NO;
				GCC_VERSION = com.apple.compilers.llvm.clang.1_0;
				GCC_WARN_64_TO_32_BIT_CONVERSION = YES;
				GCC_WARN_ABOUT_MISSING_PROTOTYPES = YES;
				GCC_WARN_ABOUT_RETURN_TYPE = YES;
				GCC_WARN_UNUSED_VARIABLE = YES;
				MACOSX_DEPLOYMENT_TARGET = 10.7;
				ONLY_ACTIVE_ARCH = YES;
				SDKROOT = macosx;
			};
			name = Debug;
		};
		070CD3981525676800DCFAEA /* Release */ = {
			isa = XCBuildConfiguration;
			buildSettings = {
				ALWAYS_SEARCH_USER_PATHS = NO;
				ARCHS = "$(ARCHS_STANDARD_64_BIT)";
				CLANG_ENABLE_OBJC_ARC = YES;
				COPY_PHASE_STRIP = YES;
				DEBUG_INFORMATION_FORMAT = "dwarf-with-dsym";
				GCC_C_LANGUAGE_STANDARD = gnu99;
				GCC_ENABLE_OBJC_EXCEPTIONS = YES;
				GCC_VERSION = com.apple.compilers.llvm.clang.1_0;
				GCC_WARN_64_TO_32_BIT_CONVERSION = YES;
				GCC_WARN_ABOUT_MISSING_PROTOTYPES = YES;
				GCC_WARN_ABOUT_RETURN_TYPE = YES;
				GCC_WARN_UNUSED_VARIABLE = YES;
				MACOSX_DEPLOYMENT_TARGET = 10.7;
				SDKROOT = macosx;
			};
			name = Release;
		};
		070CD39A1525676800DCFAEA /* Debug */ = {
			isa = XCBuildConfiguration;
			buildSettings = {
				PRODUCT_NAME = "$(TARGET_NAME)";
			};
			name = Debug;
		};
		070CD39B1525676800DCFAEA /* Release */ = {
			isa = XCBuildConfiguration;
			buildSettings = {
				PRODUCT_NAME = "$(TARGET_NAME)";
			};
			name = Release;
		};
/* End XCBuildConfiguration section */

/* Begin XCConfigurationList section */
		070CD3891525676800DCFAEA /* Build configuration list for PBXProject "MinCut" */ = {
			isa = XCConfigurationList;
			buildConfigurations = (
				070CD3971525676800DCFAEA /* Debug */,
				070CD3981525676800DCFAEA /* Release */,
			);
			defaultConfigurationIsVisible = 0;
			defaultConfigurationName = Release;
		};
		070CD3991525676800DCFAEA /* Build configuration list for PBXNativeTarget "MinCut" */ = {
			isa = XCConfigurationList;
			buildConfigurations = (
				070CD39A1525676800DCFAEA /* Debug */,
				070CD39B1525676800DCFAEA /* Release */,
			);
			defaultConfigurationIsVisible = 0;
		};
/* End XCConfigurationList section */
	};
	rootObject = 070CD3861525676800DCFAEA /* Project object */;
}
