// !$*UTF8*$!
{
	archiveVersion = 1;
	classes = {
	};
	objectVersion = 46;
	objects = {

/* Begin PBXBuildFile section */
		076F129F152E426400136C7A /* main.cpp in Sources */ = {isa = PBXBuildFile; fileRef = 076F129E152E426400136C7A /* main.cpp */; };
		076F12A1152E426400136C7A /* SCC.1 in CopyFiles */ = {isa = PBXBuildFile; fileRef = 076F12A0152E426400136C7A /* SCC.1 */; };
/* End PBXBuildFile section */

/* Begin PBXCopyFilesBuildPhase section */
		076F1298152E426400136C7A /* CopyFiles */ = {
			isa = PBXCopyFilesBuildPhase;
			buildActionMask = 2147483647;
			dstPath = /usr/share/man/man1/;
			dstSubfolderSpec = 0;
			files = (
				076F12A1152E426400136C7A /* SCC.1 in CopyFiles */,
			);
			runOnlyForDeploymentPostprocessing = 1;
		};
/* End PBXCopyFilesBuildPhase section */

/* Begin PBXFileReference section */
		076F129A152E426400136C7A /* SCC */ = {isa = PBXFileReference; explicitFileType = "compiled.mach-o.executable"; includeInIndex = 0; path = SCC; sourceTree = BUILT_PRODUCTS_DIR; };
		076F129E152E426400136C7A /* main.cpp */ = {isa = PBXFileReference; lastKnownFileType = sourcecode.cpp.cpp; path = main.cpp; sourceTree = "<group>"; };
		076F12A0152E426400136C7A /* SCC.1 */ = {isa = PBXFileReference; lastKnownFileType = text.man; path = SCC.1; sourceTree = "<group>"; };
/* End PBXFileReference section */

/* Begin PBXFrameworksBuildPhase section */
		076F1297152E426400136C7A /* Frameworks */ = {
			isa = PBXFrameworksBuildPhase;
			buildActionMask = 2147483647;
			files = (
			);
			runOnlyForDeploymentPostprocessing = 0;
		};
/* End PBXFrameworksBuildPhase section */

/* Begin PBXGroup section */
		076F128F152E426400136C7A = {
			isa = PBXGroup;
			children = (
				076F129D152E426400136C7A /* SCC */,
				076F129B152E426400136C7A /* Products */,
			);
			sourceTree = "<group>";
		};
		076F129B152E426400136C7A /* Products */ = {
			isa = PBXGroup;
			children = (
				076F129A152E426400136C7A /* SCC */,
			);
			name = Products;
			sourceTree = "<group>";
		};
		076F129D152E426400136C7A /* SCC */ = {
			isa = PBXGroup;
			children = (
				076F129E152E426400136C7A /* main.cpp */,
				076F12A0152E426400136C7A /* SCC.1 */,
			);
			path = SCC;
			sourceTree = "<group>";
		};
/* End PBXGroup section */

/* Begin PBXNativeTarget section */
		076F1299152E426400136C7A /* SCC */ = {
			isa = PBXNativeTarget;
			buildConfigurationList = 076F12A4152E426400136C7A /* Build configuration list for PBXNativeTarget "SCC" */;
			buildPhases = (
				076F1296152E426400136C7A /* Sources */,
				076F1297152E426400136C7A /* Frameworks */,
				076F1298152E426400136C7A /* CopyFiles */,
			);
			buildRules = (
			);
			dependencies = (
			);
			name = SCC;
			productName = SCC;
			productReference = 076F129A152E426400136C7A /* SCC */;
			productType = "com.apple.product-type.tool";
		};
/* End PBXNativeTarget section */

/* Begin PBXProject section */
		076F1291152E426400136C7A /* Project object */ = {
			isa = PBXProject;
			attributes = {
				LastUpgradeCheck = 0420;
			};
			buildConfigurationList = 076F1294152E426400136C7A /* Build configuration list for PBXProject "SCC" */;
			compatibilityVersion = "Xcode 3.2";
			developmentRegion = English;
			hasScannedForEncodings = 0;
			knownRegions = (
				en,
			);
			mainGroup = 076F128F152E426400136C7A;
			productRefGroup = 076F129B152E426400136C7A /* Products */;
			projectDirPath = "";
			projectRoot = "";
			targets = (
				076F1299152E426400136C7A /* SCC */,
			);
		};
/* End PBXProject section */

/* Begin PBXSourcesBuildPhase section */
		076F1296152E426400136C7A /* Sources */ = {
			isa = PBXSourcesBuildPhase;
			buildActionMask = 2147483647;
			files = (
				076F129F152E426400136C7A /* main.cpp in Sources */,
			);
			runOnlyForDeploymentPostprocessing = 0;
		};
/* End PBXSourcesBuildPhase section */

/* Begin XCBuildConfiguration section */
		076F12A2152E426400136C7A /* Debug */ = {
			isa = XCBuildConfiguration;
			buildSettings = {
				ALWAYS_SEARCH_USER_PATHS = NO;
				ARCHS = "$(ARCHS_STANDARD_64_BIT)";
				CLANG_ENABLE_OBJC_ARC = YES;
				COPY_PHASE_STRIP = NO;
				GCC_C_LANGUAGE_STANDARD = gnu99;
				GCC_DYNAMIC_NO_PIC = NO;
				GCC_ENABLE_OBJC_EXCEPTIONS = YES;
				GCC_OPTIMIZATION_LEVEL = 0;
				GCC_PREPROCESSOR_DEFINITIONS = (
					"DEBUG=1",
					"$(inherited)",
				);
				GCC_SYMBOLS_PRIVATE_EXTERN = NO;
				GCC_VERSION = com.apple.compilers.llvm.clang.1_0;
				GCC_WARN_64_TO_32_BIT_CONVERSION = YES;
				GCC_WARN_ABOUT_MISSING_PROTOTYPES = YES;
				GCC_WARN_ABOUT_RETURN_TYPE = YES;
				GCC_WARN_UNUSED_VARIABLE = YES;
				MACOSX_DEPLOYMENT_TARGET = 10.7;
				ONLY_ACTIVE_ARCH = YES;
				SDKROOT = macosx;
			};
			name = Debug;
		};
		076F12A3152E426400136C7A /* Release */ = {
			isa = XCBuildConfiguration;
			buildSettings = {
				ALWAYS_SEARCH_USER_PATHS = NO;
				ARCHS = "$(ARCHS_STANDARD_64_BIT)";
				CLANG_ENABLE_OBJC_ARC = YES;
				COPY_PHASE_STRIP = YES;
				DEBUG_INFORMATION_FORMAT = "dwarf-with-dsym";
				GCC_C_LANGUAGE_STANDARD = gnu99;
				GCC_ENABLE_OBJC_EXCEPTIONS = YES;
				GCC_VERSION = com.apple.compilers.llvm.clang.1_0;
				GCC_WARN_64_TO_32_BIT_CONVERSION = YES;
				GCC_WARN_ABOUT_MISSING_PROTOTYPES = YES;
				GCC_WARN_ABOUT_RETURN_TYPE = YES;
				GCC_WARN_UNUSED_VARIABLE = YES;
				MACOSX_DEPLOYMENT_TARGET = 10.7;
				SDKROOT = macosx;
			};
			name = Release;
		};
		076F12A5152E426400136C7A /* Debug */ = {
			isa = XCBuildConfiguration;
			buildSettings = {
				PRODUCT_NAME = "$(TARGET_NAME)";
			};
			name = Debug;
		};
		076F12A6152E426400136C7A /* Release */ = {
			isa = XCBuildConfiguration;
			buildSettings = {
				PRODUCT_NAME = "$(TARGET_NAME)";
			};
			name = Release;
		};
/* End XCBuildConfiguration section */

/* Begin XCConfigurationList section */
		076F1294152E426400136C7A /* Build configuration list for PBXProject "SCC" */ = {
			isa = XCConfigurationList;
			buildConfigurations = (
				076F12A2152E426400136C7A /* Debug */,
				076F12A3152E426400136C7A /* Release */,
			);
			defaultConfigurationIsVisible = 0;
			defaultConfigurationName = Release;
		};
		076F12A4152E426400136C7A /* Build configuration list for PBXNativeTarget "SCC" */ = {
			isa = XCConfigurationList;
			buildConfigurations = (
				076F12A5152E426400136C7A /* Debug */,
				076F12A6152E426400136C7A /* Release */,
			);
			defaultConfigurationIsVisible = 0;
		};
/* End XCConfigurationList section */
	};
	rootObject = 076F1291152E426400136C7A /* Project object */;
}
